
Microsoft Visual Studio Solution File, Format Version 12.00
# Visual Studio 14
VisualStudioVersion = 14.0.25420.1
MinimumVisualStudioVersion = 10.0.40219.1
Project("{FAE04EC0-301F-11D3-BF4B-00C04F79EFBC}") = "WebMPT", "WebMpt\WebMPT.csproj", "{8BA2E8DB-F86C-4FE7-AB7B-1AC7B18D5627}"
EndProject
Project("{2150E333-8FDC-42A3-9474-1A3956D46DE8}") = "MPTLib.Net", "MPTLib.Net", "{E917092A-C2BB-4AA0-9F61-BBDB8B731E0E}"
EndProject
Project("{FAE04EC0-301F-11D3-BF4B-00C04F79EFBC}") = "MPTLib", "..\MPTLib.Net\MptLib\MPTLib.csproj", "{6EDC1D0F-7CCE-4A38-B84E-8911AA3BC4E2}"
EndProject
Project("{FAE04EC0-301F-11D3-BF4B-00C04F79EFBC}") = "MPTLib.Test", "..\MPTLib.Net\MPTLib.Test\MPTLib.Test.csproj", "{CCF52531-0068-4E97-9525-6E5588DD7EF9}"
EndProject
Project("{FAE04EC0-301F-11D3-BF4B-00C04F79EFBC}") = "WebMPT.Test", "WebMpt.Test\WebMPT.Test.csproj", "{AF9FD03F-6E2B-481C-A73B-EA945FC166C4}"
EndProject
Global
	GlobalSection(SolutionConfigurationPlatforms) = preSolution
		Debug|Any CPU = Debug|Any CPU
		Release|Any CPU = Release|Any CPU
	EndGlobalSection
	GlobalSection(ProjectConfigurationPlatforms) = postSolution
		{8BA2E8DB-F86C-4FE7-AB7B-1AC7B18D5627}.Debug|Any CPU.ActiveCfg = Debug|Any CPU
		{8BA2E8DB-F86C-4FE7-AB7B-1AC7B18D5627}.Debug|Any CPU.Build.0 = Debug|Any CPU
		{8BA2E8DB-F86C-4FE7-AB7B-1AC7B18D5627}.Release|Any CPU.ActiveCfg = Release|Any CPU
		{8BA2E8DB-F86C-4FE7-AB7B-1AC7B18D5627}.Release|Any CPU.Build.0 = Release|Any CPU
		{6EDC1D0F-7CCE-4A38-B84E-8911AA3BC4E2}.Debug|Any CPU.ActiveCfg = Debug|Any CPU
		{6EDC1D0F-7CCE-4A38-B84E-8911AA3BC4E2}.Debug|Any CPU.Build.0 = Debug|Any CPU
		{6EDC1D0F-7CCE-4A38-B84E-8911AA3BC4E2}.Release|Any CPU.ActiveCfg = Release|Any CPU
		{6EDC1D0F-7CCE-4A38-B84E-8911AA3BC4E2}.Release|Any CPU.Build.0 = Release|Any CPU
		{CCF52531-0068-4E97-9525-6E5588DD7EF9}.Debug|Any CPU.ActiveCfg = Debug|Any CPU
		{CCF52531-0068-4E97-9525-6E5588DD7EF9}.Debug|Any CPU.Build.0 = Debug|Any CPU
		{CCF52531-0068-4E97-9525-6E5588DD7EF9}.Release|Any CPU.ActiveCfg = Release|Any CPU
		{CCF52531-0068-4E97-9525-6E5588DD7EF9}.Release|Any CPU.Build.0 = Release|Any CPU
		{AF9FD03F-6E2B-481C-A73B-EA945FC166C4}.Debug|Any CPU.ActiveCfg = Debug|Any CPU
		{AF9FD03F-6E2B-481C-A73B-EA945FC166C4}.Debug|Any CPU.Build.0 = Debug|Any CPU
		{AF9FD03F-6E2B-481C-A73B-EA945FC166C4}.Release|Any CPU.ActiveCfg = Release|Any CPU
		{AF9FD03F-6E2B-481C-A73B-EA945FC166C4}.Release|Any CPU.Build.0 = Release|Any CPU
	EndGlobalSection
	GlobalSection(SolutionProperties) = preSolution
		HideSolutionNode = FALSE
	EndGlobalSection
	GlobalSection(NestedProjects) = preSolution
		{6EDC1D0F-7CCE-4A38-B84E-8911AA3BC4E2} = {E917092A-C2BB-4AA0-9F61-BBDB8B731E0E}
		{CCF52531-0068-4E97-9525-6E5588DD7EF9} = {E917092A-C2BB-4AA0-9F61-BBDB8B731E0E}
	EndGlobalSection
	GlobalSection(TestCaseManagementSettings) = postSolution
		CategoryFile = MPT.Net.vsmdi
	EndGlobalSection
EndGlobal
